
Microsoft Visual Studio Solution File, Format Version 12.00
# Visual Studio 2013
VisualStudioVersion = 12.0.30723.0
MinimumVisualStudioVersion = 10.0.40219.1
Project("{2150E333-8FDC-42A3-9474-1A3956D46DE8}") = "TP.Core", "TP.Core", "{87CFF019-DE86-4C7B-87A6-A15701F6B8CF}"
EndProject
Project("{2150E333-8FDC-42A3-9474-1A3956D46DE8}") = "TP.Data", "TP.Data", "{9ED0870B-5A73-45E4-8042-DAD39782B3F7}"
EndProject
Project("{2150E333-8FDC-42A3-9474-1A3956D46DE8}") = "TP.Web", "TP.Web", "{50821BA4-8769-4807-8BE8-04F7294BE9FB}"
EndProject
Project("{FAE04EC0-301F-11D3-BF4B-00C04F79EFBC}") = "TP.EntityFramework", "TP.EntityFramework\TP.EntityFramework.csproj", "{71A818AE-A30F-43AB-9F2F-30D14A5386F4}"
EndProject
Project("{FAE04EC0-301F-11D3-BF4B-00C04F79EFBC}") = "TP.Repository", "TP.Repository\TP.Repository.csproj", "{3E1DCF03-E871-447F-972E-CC870B412702}"
EndProject
Project("{FAE04EC0-301F-11D3-BF4B-00C04F79EFBC}") = "TP.Service", "TP.Service\TP.Service.csproj", "{7134D2C7-6565-4248-82A0-C93011A802CC}"
EndProject
Project("{FAE04EC0-301F-11D3-BF4B-00C04F79EFBC}") = "TP.Site", "TP.Site\TP.Site.csproj", "{7F807CA2-87F5-4F4F-BECA-C6D77897A8FB}"
EndProject
Project("{FAE04EC0-301F-11D3-BF4B-00C04F79EFBC}") = "TP.Core", "TP.Core\TP.Core.csproj", "{8B82DA04-AB6D-4A3A-ADA6-0FD56D654DB5}"
EndProject
Project("{FAE04EC0-301F-11D3-BF4B-00C04F79EFBC}") = "TP.Web.Framework", "TP.Web.Framework\TP.Web.Framework.csproj", "{6E1DBCC4-168E-4323-A431-5ED2340DF10E}"
EndProject
Global
	GlobalSection(SolutionConfigurationPlatforms) = preSolution
		Debug|Any CPU = Debug|Any CPU
		Release|Any CPU = Release|Any CPU
	EndGlobalSection
	GlobalSection(ProjectConfigurationPlatforms) = postSolution
		{71A818AE-A30F-43AB-9F2F-30D14A5386F4}.Debug|Any CPU.ActiveCfg = Debug|Any CPU
		{71A818AE-A30F-43AB-9F2F-30D14A5386F4}.Debug|Any CPU.Build.0 = Debug|Any CPU
		{71A818AE-A30F-43AB-9F2F-30D14A5386F4}.Release|Any CPU.ActiveCfg = Release|Any CPU
		{71A818AE-A30F-43AB-9F2F-30D14A5386F4}.Release|Any CPU.Build.0 = Release|Any CPU
		{3E1DCF03-E871-447F-972E-CC870B412702}.Debug|Any CPU.ActiveCfg = Debug|Any CPU
		{3E1DCF03-E871-447F-972E-CC870B412702}.Debug|Any CPU.Build.0 = Debug|Any CPU
		{3E1DCF03-E871-447F-972E-CC870B412702}.Release|Any CPU.ActiveCfg = Release|Any CPU
		{3E1DCF03-E871-447F-972E-CC870B412702}.Release|Any CPU.Build.0 = Release|Any CPU
		{7134D2C7-6565-4248-82A0-C93011A802CC}.Debug|Any CPU.ActiveCfg = Debug|Any CPU
		{7134D2C7-6565-4248-82A0-C93011A802CC}.Debug|Any CPU.Build.0 = Debug|Any CPU
		{7134D2C7-6565-4248-82A0-C93011A802CC}.Release|Any CPU.ActiveCfg = Release|Any CPU
		{7134D2C7-6565-4248-82A0-C93011A802CC}.Release|Any CPU.Build.0 = Release|Any CPU
		{7F807CA2-87F5-4F4F-BECA-C6D77897A8FB}.Debug|Any CPU.ActiveCfg = Debug|Any CPU
		{7F807CA2-87F5-4F4F-BECA-C6D77897A8FB}.Debug|Any CPU.Build.0 = Debug|Any CPU
		{7F807CA2-87F5-4F4F-BECA-C6D77897A8FB}.Release|Any CPU.ActiveCfg = Release|Any CPU
		{7F807CA2-87F5-4F4F-BECA-C6D77897A8FB}.Release|Any CPU.Build.0 = Release|Any CPU
		{8B82DA04-AB6D-4A3A-ADA6-0FD56D654DB5}.Debug|Any CPU.ActiveCfg = Debug|Any CPU
		{8B82DA04-AB6D-4A3A-ADA6-0FD56D654DB5}.Debug|Any CPU.Build.0 = Debug|Any CPU
		{8B82DA04-AB6D-4A3A-ADA6-0FD56D654DB5}.Release|Any CPU.ActiveCfg = Release|Any CPU
		{8B82DA04-AB6D-4A3A-ADA6-0FD56D654DB5}.Release|Any CPU.Build.0 = Release|Any CPU
		{6E1DBCC4-168E-4323-A431-5ED2340DF10E}.Debug|Any CPU.ActiveCfg = Debug|Any CPU
		{6E1DBCC4-168E-4323-A431-5ED2340DF10E}.Debug|Any CPU.Build.0 = Debug|Any CPU
		{6E1DBCC4-168E-4323-A431-5ED2340DF10E}.Release|Any CPU.ActiveCfg = Release|Any CPU
		{6E1DBCC4-168E-4323-A431-5ED2340DF10E}.Release|Any CPU.Build.0 = Release|Any CPU
	EndGlobalSection
	GlobalSection(SolutionProperties) = preSolution
		HideSolutionNode = FALSE
	EndGlobalSection
	GlobalSection(NestedProjects) = preSolution
		{71A818AE-A30F-43AB-9F2F-30D14A5386F4} = {9ED0870B-5A73-45E4-8042-DAD39782B3F7}
		{3E1DCF03-E871-447F-972E-CC870B412702} = {9ED0870B-5A73-45E4-8042-DAD39782B3F7}
		{7134D2C7-6565-4248-82A0-C93011A802CC} = {87CFF019-DE86-4C7B-87A6-A15701F6B8CF}
		{7F807CA2-87F5-4F4F-BECA-C6D77897A8FB} = {50821BA4-8769-4807-8BE8-04F7294BE9FB}
		{8B82DA04-AB6D-4A3A-ADA6-0FD56D654DB5} = {87CFF019-DE86-4C7B-87A6-A15701F6B8CF}
		{6E1DBCC4-168E-4323-A431-5ED2340DF10E} = {50821BA4-8769-4807-8BE8-04F7294BE9FB}
	EndGlobalSection
EndGlobal
